
Microsoft Visual Studio Solution File, Format Version 12.00
# Visual Studio Version 16
VisualStudioVersion = 16.0.31829.152
MinimumVisualStudioVersion = 10.0.40219.1
Project("{FAE04EC0-301F-11D3-BF4B-00C04F79EFBC}") = "Class_5.5", "Class_5.5\Class_5.5.csproj", "{A1560C63-0B71-4B86-B99F-68B33D707F34}"
EndProject
Global
	GlobalSection(SolutionConfigurationPlatforms) = preSolution
		Debug|Any CPU = Debug|Any CPU
		Release|Any CPU = Release|Any CPU
	EndGlobalSection
	GlobalSection(ProjectConfigurationPlatforms) = postSolution
		{A1560C63-0B71-4B86-B99F-68B33D707F34}.Debug|Any CPU.ActiveCfg = Debug|Any CPU
		{A1560C63-0B71-4B86-B99F-68B33D707F34}.Debug|Any CPU.Build.0 = Debug|Any CPU
		{A1560C63-0B71-4B86-B99F-68B33D707F34}.Release|Any CPU.ActiveCfg = Release|Any CPU
		{A1560C63-0B71-4B86-B99F-68B33D707F34}.Release|Any CPU.Build.0 = Release|Any CPU
	EndGlobalSection
	GlobalSection(SolutionProperties) = preSolution
		HideSolutionNode = FALSE
	EndGlobalSection
	GlobalSection(ExtensibilityGlobals) = postSolution
		SolutionGuid = {4F193536-6CE5-44E4-B4DD-3E116A821A0C}
	EndGlobalSection
EndGlobal
